
Microsoft Visual Studio Solution File, Format Version 12.00
# Visual Studio 15
Project("{FAE04EC0-301F-11D3-BF4B-00C04F79EFBC}") = "UnityEngine.TestRunner", "UnityEngine.TestRunner.csproj", "{D341CA47-13CC-D7CB-9E00-6F9118DD4B13}"
EndProject
Project("{FAE04EC0-301F-11D3-BF4B-00C04F79EFBC}") = "UnityEngine.UI", "UnityEngine.UI.csproj", "{4E468FC0-A968-BE7D-C961-38A87C6CCF95}"
EndProject
Project("{FAE04EC0-301F-11D3-BF4B-00C04F79EFBC}") = "Unity.TextMeshPro", "Unity.TextMeshPro.csproj", "{53382657-3C1D-33D8-73CC-8763662C48D7}"
EndProject
Project("{FAE04EC0-301F-11D3-BF4B-00C04F79EFBC}") = "Unity.Timeline", "Unity.Timeline.csproj", "{C5EECEEF-1DCD-1D05-BEBB-F65CCAC92D9E}"
EndProject
Project("{FAE04EC0-301F-11D3-BF4B-00C04F79EFBC}") = "Assembly-CSharp", "Assembly-CSharp.csproj", "{640F6BF2-BFEE-367A-8963-1667BC9962C4}"
EndProject
Project("{FAE04EC0-301F-11D3-BF4B-00C04F79EFBC}") = "UnityEditor.TestRunner", "UnityEditor.TestRunner.csproj", "{39DBABB0-080A-A495-C1BD-35C1F941FDB7}"
EndProject
Project("{FAE04EC0-301F-11D3-BF4B-00C04F79EFBC}") = "Unity.TextMeshPro.Editor", "Unity.TextMeshPro.Editor.csproj", "{3E1E1058-8C9E-1A70-1E53-49441E954DC7}"
EndProject
Project("{FAE04EC0-301F-11D3-BF4B-00C04F79EFBC}") = "Unity.Timeline.Editor", "Unity.Timeline.Editor.csproj", "{A694FA6C-289B-D46E-CCBB-5E3DDE3B377C}"
EndProject
Project("{FAE04EC0-301F-11D3-BF4B-00C04F79EFBC}") = "UnityEditor.UI", "UnityEditor.UI.csproj", "{1562211C-21A8-475F-6E77-1BC6356AF197}"
EndProject
Project("{FAE04EC0-301F-11D3-BF4B-00C04F79EFBC}") = "Unity.Rider.Editor", "Unity.Rider.Editor.csproj", "{449BC808-1581-74BA-CEF1-5DFF1D34C6FF}"
EndProject
Project("{FAE04EC0-301F-11D3-BF4B-00C04F79EFBC}") = "Unity.CollabProxy.Editor", "Unity.CollabProxy.Editor.csproj", "{2654FF17-B935-0B6D-8C81-7352915119AA}"
EndProject
Project("{FAE04EC0-301F-11D3-BF4B-00C04F79EFBC}") = "Unity.VSCode.Editor", "Unity.VSCode.Editor.csproj", "{24EB4275-1692-7DE5-4A86-7B2D7CF3600B}"
EndProject
Project("{FAE04EC0-301F-11D3-BF4B-00C04F79EFBC}") = "Assembly-CSharp.Player", "Assembly-CSharp.Player.csproj", "{6066E543-6188-A440-E372-875A7F02E00F}"
EndProject
Global
	GlobalSection(SolutionConfigurationPlatforms) = preSolution
		Debug|Any CPU = Debug|Any CPU
		Release|Any CPU = Release|Any CPU
	EndGlobalSection
	GlobalSection(ProjectConfigurationPlatforms) = postSolution
		{D341CA47-13CC-D7CB-9E00-6F9118DD4B13}.Debug|Any CPU.ActiveCfg = Debug|Any CPU
		{D341CA47-13CC-D7CB-9E00-6F9118DD4B13}.Debug|Any CPU.Build.0 = Debug|Any CPU
		{D341CA47-13CC-D7CB-9E00-6F9118DD4B13}.Release|Any CPU.ActiveCfg = Release|Any CPU
		{D341CA47-13CC-D7CB-9E00-6F9118DD4B13}.Release|Any CPU.Build.0 = Release|Any CPU
		{4E468FC0-A968-BE7D-C961-38A87C6CCF95}.Debug|Any CPU.ActiveCfg = Debug|Any CPU
		{4E468FC0-A968-BE7D-C961-38A87C6CCF95}.Debug|Any CPU.Build.0 = Debug|Any CPU
		{4E468FC0-A968-BE7D-C961-38A87C6CCF95}.Release|Any CPU.ActiveCfg = Release|Any CPU
		{4E468FC0-A968-BE7D-C961-38A87C6CCF95}.Release|Any CPU.Build.0 = Release|Any CPU
		{53382657-3C1D-33D8-73CC-8763662C48D7}.Debug|Any CPU.ActiveCfg = Debug|Any CPU
		{53382657-3C1D-33D8-73CC-8763662C48D7}.Debug|Any CPU.Build.0 = Debug|Any CPU
		{53382657-3C1D-33D8-73CC-8763662C48D7}.Release|Any CPU.ActiveCfg = Release|Any CPU
		{53382657-3C1D-33D8-73CC-8763662C48D7}.Release|Any CPU.Build.0 = Release|Any CPU
		{C5EECEEF-1DCD-1D05-BEBB-F65CCAC92D9E}.Debug|Any CPU.ActiveCfg = Debug|Any CPU
		{C5EECEEF-1DCD-1D05-BEBB-F65CCAC92D9E}.Debug|Any CPU.Build.0 = Debug|Any CPU
		{C5EECEEF-1DCD-1D05-BEBB-F65CCAC92D9E}.Release|Any CPU.ActiveCfg = Release|Any CPU
		{C5EECEEF-1DCD-1D05-BEBB-F65CCAC92D9E}.Release|Any CPU.Build.0 = Release|Any CPU
		{640F6BF2-BFEE-367A-8963-1667BC9962C4}.Debug|Any CPU.ActiveCfg = Debug|Any CPU
		{640F6BF2-BFEE-367A-8963-1667BC9962C4}.Debug|Any CPU.Build.0 = Debug|Any CPU
		{640F6BF2-BFEE-367A-8963-1667BC9962C4}.Release|Any CPU.ActiveCfg = Release|Any CPU
		{640F6BF2-BFEE-367A-8963-1667BC9962C4}.Release|Any CPU.Build.0 = Release|Any CPU
		{39DBABB0-080A-A495-C1BD-35C1F941FDB7}.Debug|Any CPU.ActiveCfg = Debug|Any CPU
		{39DBABB0-080A-A495-C1BD-35C1F941FDB7}.Debug|Any CPU.Build.0 = Debug|Any CPU
		{39DBABB0-080A-A495-C1BD-35C1F941FDB7}.Release|Any CPU.ActiveCfg = Release|Any CPU
		{39DBABB0-080A-A495-C1BD-35C1F941FDB7}.Release|Any CPU.Build.0 = Release|Any CPU
		{3E1E1058-8C9E-1A70-1E53-49441E954DC7}.Debug|Any CPU.ActiveCfg = Debug|Any CPU
		{3E1E1058-8C9E-1A70-1E53-49441E954DC7}.Debug|Any CPU.Build.0 = Debug|Any CPU
		{3E1E1058-8C9E-1A70-1E53-49441E954DC7}.Release|Any CPU.ActiveCfg = Release|Any CPU
		{3E1E1058-8C9E-1A70-1E53-49441E954DC7}.Release|Any CPU.Build.0 = Release|Any CPU
		{A694FA6C-289B-D46E-CCBB-5E3DDE3B377C}.Debug|Any CPU.ActiveCfg = Debug|Any CPU
		{A694FA6C-289B-D46E-CCBB-5E3DDE3B377C}.Debug|Any CPU.Build.0 = Debug|Any CPU
		{A694FA6C-289B-D46E-CCBB-5E3DDE3B377C}.Release|Any CPU.ActiveCfg = Release|Any CPU
		{A694FA6C-289B-D46E-CCBB-5E3DDE3B377C}.Release|Any CPU.Build.0 = Release|Any CPU
		{1562211C-21A8-475F-6E77-1BC6356AF197}.Debug|Any CPU.ActiveCfg = Debug|Any CPU
		{1562211C-21A8-475F-6E77-1BC6356AF197}.Debug|Any CPU.Build.0 = Debug|Any CPU
		{1562211C-21A8-475F-6E77-1BC6356AF197}.Release|Any CPU.ActiveCfg = Release|Any CPU
		{1562211C-21A8-475F-6E77-1BC6356AF197}.Release|Any CPU.Build.0 = Release|Any CPU
		{449BC808-1581-74BA-CEF1-5DFF1D34C6FF}.Debug|Any CPU.ActiveCfg = Debug|Any CPU
		{449BC808-1581-74BA-CEF1-5DFF1D34C6FF}.Debug|Any CPU.Build.0 = Debug|Any CPU
		{449BC808-1581-74BA-CEF1-5DFF1D34C6FF}.Release|Any CPU.ActiveCfg = Release|Any CPU
		{449BC808-1581-74BA-CEF1-5DFF1D34C6FF}.Release|Any CPU.Build.0 = Release|Any CPU
		{2654FF17-B935-0B6D-8C81-7352915119AA}.Debug|Any CPU.ActiveCfg = Debug|Any CPU
		{2654FF17-B935-0B6D-8C81-7352915119AA}.Debug|Any CPU.Build.0 = Debug|Any CPU
		{2654FF17-B935-0B6D-8C81-7352915119AA}.Release|Any CPU.ActiveCfg = Release|Any CPU
		{2654FF17-B935-0B6D-8C81-7352915119AA}.Release|Any CPU.Build.0 = Release|Any CPU
		{24EB4275-1692-7DE5-4A86-7B2D7CF3600B}.Debug|Any CPU.ActiveCfg = Debug|Any CPU
		{24EB4275-1692-7DE5-4A86-7B2D7CF3600B}.Debug|Any CPU.Build.0 = Debug|Any CPU
		{24EB4275-1692-7DE5-4A86-7B2D7CF3600B}.Release|Any CPU.ActiveCfg = Release|Any CPU
		{24EB4275-1692-7DE5-4A86-7B2D7CF3600B}.Release|Any CPU.Build.0 = Release|Any CPU
		{6066E543-6188-A440-E372-875A7F02E00F}.Debug|Any CPU.ActiveCfg = Debug|Any CPU
		{6066E543-6188-A440-E372-875A7F02E00F}.Debug|Any CPU.Build.0 = Debug|Any CPU
		{6066E543-6188-A440-E372-875A7F02E00F}.Release|Any CPU.ActiveCfg = Release|Any CPU
		{6066E543-6188-A440-E372-875A7F02E00F}.Release|Any CPU.Build.0 = Release|Any CPU
	EndGlobalSection
	GlobalSection(SolutionProperties) = preSolution
		HideSolutionNode = FALSE
	EndGlobalSection
EndGlobal
